# Generated by pub
# See https://dart.dev/tools/pub/glossary#lockfile
packages:
  charcode:
    dependency: transitive
    description:
      name: charcode
      url: "http://mirrors.cnnic.cn/dart-pub"
    source: hosted
    version: "1.1.3"
  collection:
    dependency: transitive
    description:
      name: collection
      url: "http://mirrors.cnnic.cn/dart-pub"
    source: hosted
    version: "1.14.12"
  convert:
    dependency: transitive
    description:
      name: convert
      url: "http://mirrors.cnnic.cn/dart-pub"
    source: hosted
    version: "2.1.1"
  cupertino_icons:
    dependency: "direct main"
    description:
      name: cupertino_icons
      url: "http://mirrors.cnnic.cn/dart-pub"
    source: hosted
    version: "0.1.3"
  ffi:
    dependency: transitive
    description:
      name: ffi
      url: "http://mirrors.cnnic.cn/dart-pub"
    source: hosted
    version: "0.1.3"
  flutter:
    dependency: "direct main"
    description: flutter
    source: sdk
    version: "0.0.0"
  flutter_jsc:
    dependency: "direct main"
    description:
      path: "/Users/liang/Project/Meituan/Flutter/flutter_jsc"
      relative: false
    source: path
    version: "0.0.7"
  meta:
    dependency: transitive
    description:
      name: meta
      url: "http://mirrors.cnnic.cn/dart-pub"
    source: hosted
    version: "1.1.8"
  petitparser:
    dependency: transitive
    description:
      name: petitparser
      url: "http://mirrors.cnnic.cn/dart-pub"
    source: hosted
    version: "3.0.4"
  sky_engine:
    dependency: transitive
    description: flutter
    source: sdk
    version: "0.0.99"
  typed_data:
    dependency: transitive
    description:
      name: typed_data
      url: "http://mirrors.cnnic.cn/dart-pub"
    source: hosted
    version: "1.1.6"
  vector_math:
    dependency: transitive
    description:
      name: vector_math
      url: "http://mirrors.cnnic.cn/dart-pub"
    source: hosted
    version: "2.0.8"
  xml:
    dependency: "direct main"
    description:
      name: xml
      url: "http://mirrors.cnnic.cn/dart-pub"
    source: hosted
    version: "4.2.0"
sdks:
  dart: ">=2.7.0 <3.0.0"
  flutter: ">=1.12.13 <2.0.0"
