PODS:
  - Flutter (1.0.0)
  - flutter_jsc (0.0.7):
    - Flutter

DEPENDENCIES:
  - Flutter (from `Flutter`)
  - flutter_jsc (from `.symlinks/plugins/flutter_jsc/ios`)

EXTERNAL SOURCES:
  Flutter:
    :path: Flutter
  flutter_jsc:
    :path: ".symlinks/plugins/flutter_jsc/ios"

SPEC CHECKSUMS:
  Flutter: 0e3d915762c693b495b44d77113d4970485de6ec
  flutter_jsc: 83bfbb1c116e511e63577fae15993813b3cc011d

PODFILE CHECKSUM: c34e2287a9ccaa606aeceab922830efb9a6ff69a

COCOAPODS: 1.9.1
